
Microsoft Visual Studio Solution File, Format Version 12.00
# Visual Studio Version 16
VisualStudioVersion = 16.0.29920.165
MinimumVisualStudioVersion = 10.0.40219.1
Project("{FAE04EC0-301F-11D3-BF4B-00C04F79EFBC}") = "PedidosNM.Android", "PedidosNM\PedidosNM.Android\PedidosNM.Android.csproj", "{701AE4D2-CFDA-4EE4-AD2D-A3ABCE732C81}"
EndProject
Project("{FAE04EC0-301F-11D3-BF4B-00C04F79EFBC}") = "PedidosNM", "PedidosNM\PedidosNM\PedidosNM.csproj", "{88B6806F-DB92-4CFC-B6F1-F95210A37783}"
EndProject
Global
	GlobalSection(SolutionConfigurationPlatforms) = preSolution
		Debug|Any CPU = Debug|Any CPU
		Release|Any CPU = Release|Any CPU
	EndGlobalSection
	GlobalSection(ProjectConfigurationPlatforms) = postSolution
		{701AE4D2-CFDA-4EE4-AD2D-A3ABCE732C81}.Debug|Any CPU.ActiveCfg = Debug|Any CPU
		{701AE4D2-CFDA-4EE4-AD2D-A3ABCE732C81}.Debug|Any CPU.Build.0 = Debug|Any CPU
		{701AE4D2-CFDA-4EE4-AD2D-A3ABCE732C81}.Debug|Any CPU.Deploy.0 = Debug|Any CPU
		{701AE4D2-CFDA-4EE4-AD2D-A3ABCE732C81}.Release|Any CPU.ActiveCfg = Release|Any CPU
		{701AE4D2-CFDA-4EE4-AD2D-A3ABCE732C81}.Release|Any CPU.Build.0 = Release|Any CPU
		{701AE4D2-CFDA-4EE4-AD2D-A3ABCE732C81}.Release|Any CPU.Deploy.0 = Release|Any CPU
		{88B6806F-DB92-4CFC-B6F1-F95210A37783}.Debug|Any CPU.ActiveCfg = Debug|Any CPU
		{88B6806F-DB92-4CFC-B6F1-F95210A37783}.Debug|Any CPU.Build.0 = Debug|Any CPU
		{88B6806F-DB92-4CFC-B6F1-F95210A37783}.Debug|Any CPU.Deploy.0 = Debug|Any CPU
		{88B6806F-DB92-4CFC-B6F1-F95210A37783}.Release|Any CPU.ActiveCfg = Release|Any CPU
		{88B6806F-DB92-4CFC-B6F1-F95210A37783}.Release|Any CPU.Build.0 = Release|Any CPU
		{88B6806F-DB92-4CFC-B6F1-F95210A37783}.Release|Any CPU.Deploy.0 = Release|Any CPU
	EndGlobalSection
	GlobalSection(SolutionProperties) = preSolution
		HideSolutionNode = FALSE
	EndGlobalSection
	GlobalSection(ExtensibilityGlobals) = postSolution
		SolutionGuid = {78DE19C1-0BAF-46E6-A7CE-A0E30052412D}
	EndGlobalSection
EndGlobal
